{
  "name": "docs",
  "lockfileVersion": 3,
  "requires": true,
  "packages": {
    "": {
      "dependencies": {
        "maplibre-gl-opacity": "^1.4.0"
      }
    },
    "node_modules/maplibre-gl-opacity": {
      "version": "1.4.0",
      "resolved": "https://registry.npmjs.org/maplibre-gl-opacity/-/maplibre-gl-opacity-1.4.0.tgz",
      "integrity": "sha512-osMje3H8x7D7Sklr3T/6DuaHRuJyjtaU6obnpyxibK01iU6OOLnivXzQfGL1Vt7D1DgmsmflrWUjv0q6fEXfXQ=="
    }
  }
}
